{
  "version": 4,
  "terraform_version": "1.5.7",
  "serial": 42,
  "lineage": "a1b2c3d4-e5f6-7890-abcd-ef1234567890",
  "outputs": {
    "vpc_id": {
      "value": "vpc-0a1b2c3d4e5f67890",
      "type": "string"
    }
  },
  "resources": [
    {
      "mode": "managed",
      "type": "aws_vpc",
      "name": "main",
      "provider": "provider[\"registry.terraform.io/hashicorp/aws\"]",
      "instances": [
        {
          "schema_version": 1,
          "attributes": {
            "id": "vpc-0a1b2c3d4e5f67890",
            "cidr_block": "10.0.0.0/16",
            "enable_dns_hostnames": true,
            "enable_dns_support": true,
            "instance_tenancy": "default",
            "tags": {"Name": "main-vpc", "Environment": "production"},
            "tags_all": {"Name": "main-vpc", "Environment": "production"}
          },
          "sensitive_attributes": [],
          "private": "e30="
        }
      ]
    },
    {
      "mode": "managed",
      "type": "aws_subnet",
      "name": "public",
      "provider": "provider[\"registry.terraform.io/hashicorp/aws\"]",
      "instances": [
        {
          "schema_version": 1,
          "index_key": 0,
          "attributes": {
            "id": "subnet-pub-0aaa111",
            "arn": "arn:aws:ec2:us-east-1:123456789012:subnet/subnet-pub-0aaa111",
            "availability_zone": "us-east-1a",
            "cidr_block": "10.0.1.0/24",
            "vpc_id": "vpc-0a1b2c3d4e5f67890",
            "map_public_ip_on_launch": true,
            "tags": {"Name": "public-us-east-1a"},
            "tags_all": {"Name": "public-us-east-1a"}
          },
          "sensitive_attributes": [],
          "private": "e30="
        },
        {
          "schema_version": 1,
          "index_key": 1,
          "attributes": {
            "id": "subnet-pub-0bbb222",
            "arn": "arn:aws:ec2:us-east-1:123456789012:subnet/subnet-pub-0bbb222",
            "availability_zone": "us-east-1b",
            "cidr_block": "10.0.2.0/24",
            "vpc_id": "vpc-0a1b2c3d4e5f67890",
            "map_public_ip_on_launch": true,
            "tags": {"Name": "public-us-east-1b"},
            "tags_all": {"Name": "public-us-east-1b"}
          },
          "sensitive_attributes": [],
          "private": "e30="
        },
        {
          "schema_version": 1,
          "index_key": 2,
          "attributes": {
            "id": "subnet-pub-0ccc333",
            "arn": "arn:aws:ec2:us-east-1:123456789012:subnet/subnet-pub-0ccc333",
            "availability_zone": "us-east-1c",
            "cidr_block": "10.0.3.0/24",
            "vpc_id": "vpc-0a1b2c3d4e5f67890",
            "map_public_ip_on_launch": true,
            "tags": {"Name": "public-us-east-1c"},
            "tags_all": {"Name": "public-us-east-1c"}
          },
          "sensitive_attributes": [],
          "private": "e30="
        }
      ]
    },
    {
      "mode": "managed",
      "type": "aws_security_group",
      "name": "web_sg",
      "provider": "provider[\"registry.terraform.io/hashicorp/aws\"]",
      "instances": [
        {
          "schema_version": 1,
          "attributes": {
            "id": "sg-0web111aaa",
            "arn": "arn:aws:ec2:us-east-1:123456789012:security-group/sg-0web111aaa",
            "name": "web-sg",
            "description": "Security group for web servers",
            "vpc_id": "vpc-0a1b2c3d4e5f67890",
            "ingress": [
              {"from_port": 80, "to_port": 80, "protocol": "tcp", "cidr_blocks": ["0.0.0.0/0"]},
              {"from_port": 443, "to_port": 443, "protocol": "tcp", "cidr_blocks": ["0.0.0.0/0"]}
            ],
            "egress": [
              {"from_port": 0, "to_port": 0, "protocol": "-1", "cidr_blocks": ["0.0.0.0/0"]}
            ],
            "tags": {"Name": "web-sg"},
            "tags_all": {"Name": "web-sg"}
          },
          "sensitive_attributes": [],
          "private": "e30="
        }
      ]
    },
    {
      "mode": "managed",
      "type": "aws_security_group",
      "name": "db_sg",
      "provider": "provider[\"registry.terraform.io/hashicorp/aws\"]",
      "instances": [
        {
          "schema_version": 1,
          "attributes": {
            "id": "sg-0db222bbb",
            "arn": "arn:aws:ec2:us-east-1:123456789012:security-group/sg-0db222bbb",
            "name": "db-sg",
            "description": "Security group for database",
            "vpc_id": "vpc-0a1b2c3d4e5f67890",
            "ingress": [
              {"from_port": 5432, "to_port": 5432, "protocol": "tcp", "cidr_blocks": ["10.0.0.0/16"]}
            ],
            "egress": [],
            "tags": {"Name": "db-sg"},
            "tags_all": {"Name": "db-sg"}
          },
          "sensitive_attributes": [],
          "private": "e30="
        }
      ]
    },
    {
      "mode": "managed",
      "type": "aws_instance",
      "name": "web",
      "provider": "provider[\"registry.terraform.io/hashicorp/aws\"]",
      "depends_on": [
        "aws_security_group.web_sg",
        "aws_subnet.public"
      ],
      "instances": [
        {
          "schema_version": 1,
          "index_key": 0,
          "attributes": {
            "id": "i-web001abc",
            "ami": "ami-0abcdef1234567890",
            "instance_type": "t3.medium",
            "subnet_id": "subnet-pub-0aaa111",
            "vpc_security_group_ids": ["sg-0web111aaa"],
            "private_ip": "10.0.1.10",
            "public_ip": "54.123.45.67",
            "availability_zone": "us-east-1a",
            "tags": {"Name": "web-primary", "Role": "web"},
            "tags_all": {"Name": "web-primary", "Role": "web"}
          },
          "sensitive_attributes": [],
          "private": "e30="
        },
        {
          "schema_version": 1,
          "index_key": 1,
          "attributes": {
            "id": "i-web002def",
            "ami": "ami-0abcdef1234567890",
            "instance_type": "t3.medium",
            "subnet_id": "subnet-pub-0bbb222",
            "vpc_security_group_ids": ["sg-0web111aaa"],
            "private_ip": "10.0.2.10",
            "public_ip": "54.123.45.68",
            "availability_zone": "us-east-1b",
            "tags": {"Name": "web-secondary", "Role": "web"},
            "tags_all": {"Name": "web-secondary", "Role": "web"}
          },
          "sensitive_attributes": [],
          "private": "e30="
        },
        {
          "schema_version": 1,
          "deposed": "00000001",
          "attributes": {
            "id": "i-web000old",
            "ami": "ami-0old1234567890abc",
            "instance_type": "t3.small",
            "subnet_id": "subnet-pub-0aaa111",
            "vpc_security_group_ids": ["sg-0web111aaa"],
            "private_ip": "10.0.1.9",
            "availability_zone": "us-east-1a",
            "tags": {"Name": "web-primary-old", "Role": "web"},
            "tags_all": {"Name": "web-primary-old", "Role": "web"}
          },
          "sensitive_attributes": [],
          "private": "e30="
        }
      ]
    },
    {
      "mode": "managed",
      "type": "aws_instance",
      "name": "worker",
      "provider": "provider[\"registry.terraform.io/hashicorp/aws\"]",
      "instances": [
        {
          "schema_version": 1,
          "index_key": 0,
          "attributes": {
            "id": "i-wrk001ghi",
            "ami": "ami-0abcdef1234567890",
            "instance_type": "t3.large",
            "subnet_id": "subnet-pub-0aaa111",
            "vpc_security_group_ids": ["sg-0web111aaa"],
            "private_ip": "10.0.1.20",
            "availability_zone": "us-east-1a",
            "tags": {"Name": "worker-1", "Role": "worker"},
            "tags_all": {"Name": "worker-1", "Role": "worker"}
          },
          "sensitive_attributes": [],
          "private": "e30="
        },
        {
          "schema_version": 1,
          "index_key": 1,
          "status": "tainted",
          "attributes": {
            "id": "i-wrk002jkl",
            "ami": "ami-0abcdef1234567890",
            "instance_type": "t3.large",
            "subnet_id": "subnet-pub-0bbb222",
            "vpc_security_group_ids": ["sg-0web111aaa"],
            "private_ip": "10.0.2.20",
            "availability_zone": "us-east-1b",
            "tags": {"Name": "worker-2", "Role": "worker"},
            "tags_all": {"Name": "worker-2", "Role": "worker"}
          },
          "sensitive_attributes": [],
          "private": "e30="
        },
        {
          "schema_version": 1,
          "index_key": 2,
          "attributes": {
            "id": "i-wrk003mno",
            "ami": "ami-0abcdef1234567890",
            "instance_type": "t3.large",
            "subnet_id": "subnet-pub-0ccc333",
            "vpc_security_group_ids": ["sg-0web111aaa"],
            "private_ip": "10.0.3.20",
            "availability_zone": "us-east-1c",
            "tags": {"Name": "worker-3", "Role": "worker"},
            "tags_all": {"Name": "worker-3", "Role": "worker"}
          },
          "sensitive_attributes": [],
          "private": "e30="
        }
      ]
    },
    {
      "mode": "managed",
      "type": "aws_db_instance",
      "name": "primary",
      "provider": "provider[\"registry.terraform.io/hashicorp/aws\"]",
      "instances": [
        {
          "schema_version": 2,
          "attributes": {
            "id": "mydb-primary",
            "arn": "arn:aws:rds:us-east-1:123456789012:db:mydb-primary",
            "identifier": "mydb-primary",
            "engine": "postgres",
            "engine_version": "15.4",
            "instance_class": "db.r6g.large",
            "allocated_storage": 100,
            "storage_type": "gp3",
            "multi_az": true,
            "db_name": "appdb",
            "username": "admin",
            "port": 5432,
            "vpc_security_group_ids": ["sg-0db222bbb"],
            "tags": {"Name": "primary-db", "Role": "primary"},
            "tags_all": {"Name": "primary-db", "Role": "primary"}
          },
          "sensitive_attributes": [
            [{"type": "get_attr", "value": "password"}]
          ],
          "private": "eyJlMmJmYjczMC1lY2FhLTExZTYtOGY4OC0zNDM2M2JjN2M0YzAiOnsiY3JlYXRlIjoyNDAwMDAwMDAwMDAwLCJkZWxldGUiOjM2MDAwMDAwMDAwMDAsInVwZGF0ZSI6NDgwMDAwMDAwMDAwMH19"
        }
      ]
    },
    {
      "mode": "managed",
      "type": "aws_db_instance",
      "name": "replica",
      "provider": "provider[\"registry.terraform.io/hashicorp/aws\"]",
      "depends_on": [
        "aws_db_instance.primary"
      ],
      "instances": [
        {
          "schema_version": 2,
          "attributes": {
            "id": "mydb-replica",
            "arn": "arn:aws:rds:us-east-1:123456789012:db:mydb-replica",
            "identifier": "mydb-replica",
            "engine": "postgres",
            "engine_version": "15.4",
            "instance_class": "db.r6g.large",
            "allocated_storage": 100,
            "storage_type": "gp3",
            "multi_az": false,
            "replicate_source_db": "arn:aws:rds:us-east-1:123456789012:db:mydb-primary",
            "port": 5432,
            "vpc_security_group_ids": ["sg-0db222bbb"],
            "tags": {"Name": "replica-db", "Role": "replica"},
            "tags_all": {"Name": "replica-db", "Role": "replica"}
          },
          "sensitive_attributes": [],
          "private": "eyJlMmJmYjczMC1lY2FhLTExZTYtOGY4OC0zNDM2M2JjN2M0YzAiOnsiY3JlYXRlIjoyNDAwMDAwMDAwMDAwLCJkZWxldGUiOjM2MDAwMDAwMDAwMDAsInVwZGF0ZSI6NDgwMDAwMDAwMDAwMH19"
        }
      ]
    },
    {
      "mode": "managed",
      "type": "aws_s3_bucket",
      "name": "logs",
      "provider": "provider[\"registry.terraform.io/hashicorp/aws\"]",
      "instances": [
        {
          "schema_version": 0,
          "attributes": {
            "id": "my-logs-bucket-12345",
            "arn": "arn:aws:s3:::my-logs-bucket-12345",
            "bucket": "my-logs-bucket-12345",
            "region": "us-east-1",
            "acl": "log-delivery-write",
            "versioning": [{"enabled": false}],
            "tags": {"Name": "logs-bucket", "Purpose": "logging"},
            "tags_all": {"Name": "logs-bucket", "Purpose": "logging"}
          },
          "sensitive_attributes": [],
          "private": "e30="
        }
      ]
    },
    {
      "mode": "managed",
      "type": "aws_s3_bucket",
      "name": "assets",
      "provider": "provider[\"registry.terraform.io/hashicorp/aws\"]",
      "instances": [
        {
          "schema_version": 0,
          "attributes": {
            "id": "my-assets-bucket-67890",
            "arn": "arn:aws:s3:::my-assets-bucket-67890",
            "bucket": "my-assets-bucket-67890",
            "region": "us-east-1",
            "acl": "private",
            "versioning": [{"enabled": true}],
            "tags": {"Name": "assets-bucket", "Purpose": "static-assets"},
            "tags_all": {"Name": "assets-bucket", "Purpose": "static-assets"}
          },
          "sensitive_attributes": [],
          "private": "e30="
        }
      ]
    },
    {
      "mode": "managed",
      "type": "aws_s3_bucket",
      "name": "replica",
      "provider": "provider[\"registry.terraform.io/hashicorp/aws\"].us_west_2",
      "instances": [
        {
          "schema_version": 0,
          "attributes": {
            "id": "my-replica-bucket-99999",
            "arn": "arn:aws:s3:::my-replica-bucket-99999",
            "bucket": "my-replica-bucket-99999",
            "region": "us-west-2",
            "acl": "private",
            "versioning": [{"enabled": true}],
            "tags": {"Name": "replica-bucket", "Purpose": "cross-region-replication"},
            "tags_all": {"Name": "replica-bucket", "Purpose": "cross-region-replication"}
          },
          "sensitive_attributes": [],
          "private": "e30="
        }
      ]
    },
    {
      "mode": "managed",
      "type": "aws_iam_role",
      "name": "ec2_role",
      "provider": "provider[\"registry.terraform.io/hashicorp/aws\"]",
      "instances": [
        {
          "schema_version": 0,
          "attributes": {
            "id": "ec2-instance-role",
            "arn": "arn:aws:iam::123456789012:role/ec2-instance-role",
            "name": "ec2-instance-role",
            "path": "/",
            "assume_role_policy": "{\"Version\":\"2012-10-17\",\"Statement\":[{\"Effect\":\"Allow\",\"Principal\":{\"Service\":\"ec2.amazonaws.com\"},\"Action\":\"sts:AssumeRole\"}]}",
            "max_session_duration": 3600,
            "tags": {"Name": "ec2-instance-role"},
            "tags_all": {"Name": "ec2-instance-role"}
          },
          "sensitive_attributes": [],
          "private": "e30="
        }
      ]
    },
    {
      "mode": "managed",
      "type": "aws_nat_gateway",
      "name": "main",
      "provider": "provider[\"registry.terraform.io/hashicorp/aws\"]",
      "depends_on": [
        "aws_subnet.public"
      ],
      "instances": [
        {
          "schema_version": 0,
          "index_key": 0,
          "attributes": {
            "id": "nat-0aaa111xyz",
            "allocation_id": "eipalloc-0aaa111",
            "subnet_id": "subnet-pub-0aaa111",
            "connectivity_type": "public",
            "private_ip": "10.0.1.50",
            "public_ip": "3.210.11.22",
            "tags": {"Name": "nat-us-east-1a"},
            "tags_all": {"Name": "nat-us-east-1a"}
          },
          "sensitive_attributes": [],
          "private": "e30="
        },
        {
          "schema_version": 0,
          "index_key": 1,
          "attributes": {
            "id": "nat-0bbb222uvw",
            "allocation_id": "eipalloc-0bbb222",
            "subnet_id": "subnet-pub-0bbb222",
            "connectivity_type": "public",
            "private_ip": "10.0.2.50",
            "public_ip": "3.210.33.44",
            "tags": {"Name": "nat-us-east-1b"},
            "tags_all": {"Name": "nat-us-east-1b"}
          },
          "sensitive_attributes": [],
          "private": "e30="
        }
      ]
    }
  ]
}
